
Microsoft Visual Studio Solution File, Format Version 12.00
# Visual Studio Version 16
VisualStudioVersion = 16.0.30717.126
MinimumVisualStudioVersion = 10.0.40219.1
Project("{2150E333-8FDC-42A3-9474-1A3956D46DE8}") = "Utilities", "Utilities", "{2703243C-A852-477A-8CF7-B359F5B840C1}"
	ProjectSection(SolutionItems) = preProject
		ReadMe.md = ReadMe.md
	EndProjectSection
EndProject
Project("{9A19103F-16F7-4668-BE54-9A1E7A4F7556}") = "UtilityLib", "Utilities\UtilityLib\UtilityLib.csproj", "{79224C09-A879-42E2-8FA9-16433891D800}"
EndProject
Project("{9A19103F-16F7-4668-BE54-9A1E7A4F7556}") = "UtilityApp", "Utilities\UtilityApp\UtilityApp.csproj", "{46E8682C-2519-4627-95DF-07B63C6594CE}"
EndProject
Project("{9A19103F-16F7-4668-BE54-9A1E7A4F7556}") = "UtilityTest", "Utilities\UtilityTest\UtilityTest.csproj", "{A5C97FBE-376F-4F4F-B0DC-E3C64D66BD9A}"
EndProject
Project("{9A19103F-16F7-4668-BE54-9A1E7A4F7556}") = "UtilityWeb", "Utilities\UtilityWeb\UtilityWeb.csproj", "{DFBB7FFF-F0F6-4D3D-BE99-3DB53FBF2149}"
EndProject
Project("{9A19103F-16F7-4668-BE54-9A1E7A4F7556}") = "UtilityLib.Console", "Utilities\UtilityLib.Console\UtilityLib.Console.csproj", "{5E2B5A6A-0C52-4D9C-A6CB-B467B41E96B1}"
EndProject
Project("{9A19103F-16F7-4668-BE54-9A1E7A4F7556}") = "UtilityLib.Webapp", "Utilities\UtilityLib.Webapp\UtilityLib.Webapp.csproj", "{87891279-72E7-421B-AA45-F307A48138BF}"
EndProject
Project("{2150E333-8FDC-42A3-9474-1A3956D46DE8}") = "Modbus", "Modbus", "{174A370C-1234-4542-AB10-1F7C12642345}"
EndProject
Project("{9A19103F-16F7-4668-BE54-9A1E7A4F7556}") = "ModbusApp", "Modbus\ModbusApp\ModbusApp.csproj", "{54C792C3-819F-48CE-BD24-8CFC8E33ECE1}"
EndProject
Project("{9A19103F-16F7-4668-BE54-9A1E7A4F7556}") = "ModbusLib", "Modbus\ModbusLib\ModbusLib.csproj", "{98A62B28-EE29-4259-A9B2-CD58B6998B91}"
EndProject
Project("{9A19103F-16F7-4668-BE54-9A1E7A4F7556}") = "ModbusTest", "Modbus\ModbusTest\ModbusTest.csproj", "{C4ADDEF1-81B5-4F35-8791-B401402C895B}"
EndProject
Project("{9A19103F-16F7-4668-BE54-9A1E7A4F7556}") = "ModbusRTU", "Modbus\ModbusRTU\ModbusRTU.csproj", "{90C506F9-06F7-424A-B13B-838C43F4BDD9}"
EndProject
Project("{9A19103F-16F7-4668-BE54-9A1E7A4F7556}") = "ModbusTCP", "Modbus\ModbusTCP\ModbusTCP.csproj", "{818EF2FA-109E-493F-809D-EEE612416E65}"
EndProject
Project("{2150E333-8FDC-42A3-9474-1A3956D46DE8}") = "EM300LR", "EM300LR", "{7A478359-B1F8-45FF-9A11-31D3C84AA71C}"
EndProject
Project("{2150E333-8FDC-42A3-9474-1A3956D46DE8}") = "ETAPU11", "ETAPU11", "{66E8E89C-CDA5-4D02-9A9D-85DE4A75A73B}"
EndProject
Project("{2150E333-8FDC-42A3-9474-1A3956D46DE8}") = "Fronius", "Fronius", "{20A50CAC-7066-44CC-AE60-E4F3BF226354}"
EndProject
Project("{2150E333-8FDC-42A3-9474-1A3956D46DE8}") = "Helios", "Helios", "{BABEA24B-EC7B-4A1A-B1BD-084C9C775046}"
EndProject
Project("{2150E333-8FDC-42A3-9474-1A3956D46DE8}") = "Wallbox", "Wallbox", "{158A1306-CAC4-4102-939B-32F1B49E0267}"
EndProject
Project("{9A19103F-16F7-4668-BE54-9A1E7A4F7556}") = "EM300LRApp", "EM300LR\EM300LRApp\EM300LRApp.csproj", "{CD6B7D11-AA75-437E-9C41-6B6F0D1370CF}"
EndProject
Project("{9A19103F-16F7-4668-BE54-9A1E7A4F7556}") = "EM300LRLib", "EM300LR\EM300LRLib\EM300LRLib.csproj", "{0B0B4403-D792-4AEC-A0ED-4CE1593B3F8E}"
EndProject
Project("{9A19103F-16F7-4668-BE54-9A1E7A4F7556}") = "EM300LRTest", "EM300LR\EM300LRTest\EM300LRTest.csproj", "{06F4AB96-A086-4086-9AC3-75BE67529A27}"
EndProject
Project("{9A19103F-16F7-4668-BE54-9A1E7A4F7556}") = "EM300LRWeb", "EM300LR\EM300LRWeb\EM300LRWeb.csproj", "{4DBAB796-7EF8-4C48-9322-3868B686C310}"
EndProject
Project("{2150E333-8FDC-42A3-9474-1A3956D46DE8}") = "Solution Items", "Solution Items", "{E0A26A21-E53A-4548-B484-F0C0599E7321}"
	ProjectSection(SolutionItems) = preProject
		favicon.png = favicon.png
		LICENSE = LICENSE
		ReadMe.md = ReadMe.md
	EndProjectSection
EndProject
Project("{9A19103F-16F7-4668-BE54-9A1E7A4F7556}") = "ETAPU11App", "ETAPU11\ETAPU11App\ETAPU11App.csproj", "{1E2ABCE5-5844-480B-AA1C-5F6515EFC7A7}"
EndProject
Project("{9A19103F-16F7-4668-BE54-9A1E7A4F7556}") = "ETAPU11Lib", "ETAPU11\ETAPU11Lib\ETAPU11Lib.csproj", "{1C60E185-D688-41F5-9F73-DB1C5E6F9D76}"
EndProject
Project("{9A19103F-16F7-4668-BE54-9A1E7A4F7556}") = "ETAPU11Test", "ETAPU11\ETAPU11Test\ETAPU11Test.csproj", "{015C7A2E-3AB1-4023-8EAD-DB6AC158F0C2}"
EndProject
Project("{9A19103F-16F7-4668-BE54-9A1E7A4F7556}") = "ETAPU11Web", "ETAPU11\ETAPU11Web\ETAPU11Web.csproj", "{2CC7DD4C-F18F-48CF-AA9B-3C235B117BB7}"
EndProject
Project("{9A19103F-16F7-4668-BE54-9A1E7A4F7556}") = "FroniusApp", "Fronius\FroniusApp\FroniusApp.csproj", "{7738766E-4071-48FD-A9DC-F7E175796B9C}"
EndProject
Project("{9A19103F-16F7-4668-BE54-9A1E7A4F7556}") = "FroniusLib", "Fronius\FroniusLib\FroniusLib.csproj", "{2117106D-534E-41B4-861D-4E40EFFCFF06}"
EndProject
Project("{9A19103F-16F7-4668-BE54-9A1E7A4F7556}") = "FroniusTest", "Fronius\FroniusTest\FroniusTest.csproj", "{1C0352B4-07EC-406B-9FDE-25703D5CEF0B}"
EndProject
Project("{9A19103F-16F7-4668-BE54-9A1E7A4F7556}") = "FroniusWeb", "Fronius\FroniusWeb\FroniusWeb.csproj", "{CF8ADF88-B3FD-4DF3-84B5-A43FCD4E52DC}"
EndProject
Global
	GlobalSection(SolutionConfigurationPlatforms) = preSolution
		Debug|Any CPU = Debug|Any CPU
		Release|Any CPU = Release|Any CPU
	EndGlobalSection
	GlobalSection(ProjectConfigurationPlatforms) = postSolution
		{79224C09-A879-42E2-8FA9-16433891D800}.Debug|Any CPU.ActiveCfg = Debug|Any CPU
		{79224C09-A879-42E2-8FA9-16433891D800}.Debug|Any CPU.Build.0 = Debug|Any CPU
		{79224C09-A879-42E2-8FA9-16433891D800}.Release|Any CPU.ActiveCfg = Release|Any CPU
		{79224C09-A879-42E2-8FA9-16433891D800}.Release|Any CPU.Build.0 = Release|Any CPU
		{46E8682C-2519-4627-95DF-07B63C6594CE}.Debug|Any CPU.ActiveCfg = Debug|Any CPU
		{46E8682C-2519-4627-95DF-07B63C6594CE}.Debug|Any CPU.Build.0 = Debug|Any CPU
		{46E8682C-2519-4627-95DF-07B63C6594CE}.Release|Any CPU.ActiveCfg = Release|Any CPU
		{46E8682C-2519-4627-95DF-07B63C6594CE}.Release|Any CPU.Build.0 = Release|Any CPU
		{A5C97FBE-376F-4F4F-B0DC-E3C64D66BD9A}.Debug|Any CPU.ActiveCfg = Debug|Any CPU
		{A5C97FBE-376F-4F4F-B0DC-E3C64D66BD9A}.Debug|Any CPU.Build.0 = Debug|Any CPU
		{A5C97FBE-376F-4F4F-B0DC-E3C64D66BD9A}.Release|Any CPU.ActiveCfg = Release|Any CPU
		{A5C97FBE-376F-4F4F-B0DC-E3C64D66BD9A}.Release|Any CPU.Build.0 = Release|Any CPU
		{DFBB7FFF-F0F6-4D3D-BE99-3DB53FBF2149}.Debug|Any CPU.ActiveCfg = Debug|Any CPU
		{DFBB7FFF-F0F6-4D3D-BE99-3DB53FBF2149}.Debug|Any CPU.Build.0 = Debug|Any CPU
		{DFBB7FFF-F0F6-4D3D-BE99-3DB53FBF2149}.Release|Any CPU.ActiveCfg = Release|Any CPU
		{DFBB7FFF-F0F6-4D3D-BE99-3DB53FBF2149}.Release|Any CPU.Build.0 = Release|Any CPU
		{5E2B5A6A-0C52-4D9C-A6CB-B467B41E96B1}.Debug|Any CPU.ActiveCfg = Debug|Any CPU
		{5E2B5A6A-0C52-4D9C-A6CB-B467B41E96B1}.Debug|Any CPU.Build.0 = Debug|Any CPU
		{5E2B5A6A-0C52-4D9C-A6CB-B467B41E96B1}.Release|Any CPU.ActiveCfg = Release|Any CPU
		{5E2B5A6A-0C52-4D9C-A6CB-B467B41E96B1}.Release|Any CPU.Build.0 = Release|Any CPU
		{87891279-72E7-421B-AA45-F307A48138BF}.Debug|Any CPU.ActiveCfg = Debug|Any CPU
		{87891279-72E7-421B-AA45-F307A48138BF}.Debug|Any CPU.Build.0 = Debug|Any CPU
		{87891279-72E7-421B-AA45-F307A48138BF}.Release|Any CPU.ActiveCfg = Release|Any CPU
		{87891279-72E7-421B-AA45-F307A48138BF}.Release|Any CPU.Build.0 = Release|Any CPU
		{54C792C3-819F-48CE-BD24-8CFC8E33ECE1}.Debug|Any CPU.ActiveCfg = Debug|Any CPU
		{54C792C3-819F-48CE-BD24-8CFC8E33ECE1}.Debug|Any CPU.Build.0 = Debug|Any CPU
		{54C792C3-819F-48CE-BD24-8CFC8E33ECE1}.Release|Any CPU.ActiveCfg = Release|Any CPU
		{54C792C3-819F-48CE-BD24-8CFC8E33ECE1}.Release|Any CPU.Build.0 = Release|Any CPU
		{98A62B28-EE29-4259-A9B2-CD58B6998B91}.Debug|Any CPU.ActiveCfg = Debug|Any CPU
		{98A62B28-EE29-4259-A9B2-CD58B6998B91}.Debug|Any CPU.Build.0 = Debug|Any CPU
		{98A62B28-EE29-4259-A9B2-CD58B6998B91}.Release|Any CPU.ActiveCfg = Release|Any CPU
		{98A62B28-EE29-4259-A9B2-CD58B6998B91}.Release|Any CPU.Build.0 = Release|Any CPU
		{C4ADDEF1-81B5-4F35-8791-B401402C895B}.Debug|Any CPU.ActiveCfg = Debug|Any CPU
		{C4ADDEF1-81B5-4F35-8791-B401402C895B}.Debug|Any CPU.Build.0 = Debug|Any CPU
		{C4ADDEF1-81B5-4F35-8791-B401402C895B}.Release|Any CPU.ActiveCfg = Release|Any CPU
		{C4ADDEF1-81B5-4F35-8791-B401402C895B}.Release|Any CPU.Build.0 = Release|Any CPU
		{90C506F9-06F7-424A-B13B-838C43F4BDD9}.Debug|Any CPU.ActiveCfg = Debug|Any CPU
		{90C506F9-06F7-424A-B13B-838C43F4BDD9}.Debug|Any CPU.Build.0 = Debug|Any CPU
		{90C506F9-06F7-424A-B13B-838C43F4BDD9}.Release|Any CPU.ActiveCfg = Release|Any CPU
		{90C506F9-06F7-424A-B13B-838C43F4BDD9}.Release|Any CPU.Build.0 = Release|Any CPU
		{818EF2FA-109E-493F-809D-EEE612416E65}.Debug|Any CPU.ActiveCfg = Debug|Any CPU
		{818EF2FA-109E-493F-809D-EEE612416E65}.Debug|Any CPU.Build.0 = Debug|Any CPU
		{818EF2FA-109E-493F-809D-EEE612416E65}.Release|Any CPU.ActiveCfg = Release|Any CPU
		{818EF2FA-109E-493F-809D-EEE612416E65}.Release|Any CPU.Build.0 = Release|Any CPU
		{CD6B7D11-AA75-437E-9C41-6B6F0D1370CF}.Debug|Any CPU.ActiveCfg = Debug|Any CPU
		{CD6B7D11-AA75-437E-9C41-6B6F0D1370CF}.Debug|Any CPU.Build.0 = Debug|Any CPU
		{CD6B7D11-AA75-437E-9C41-6B6F0D1370CF}.Release|Any CPU.ActiveCfg = Release|Any CPU
		{CD6B7D11-AA75-437E-9C41-6B6F0D1370CF}.Release|Any CPU.Build.0 = Release|Any CPU
		{0B0B4403-D792-4AEC-A0ED-4CE1593B3F8E}.Debug|Any CPU.ActiveCfg = Debug|Any CPU
		{0B0B4403-D792-4AEC-A0ED-4CE1593B3F8E}.Debug|Any CPU.Build.0 = Debug|Any CPU
		{0B0B4403-D792-4AEC-A0ED-4CE1593B3F8E}.Release|Any CPU.ActiveCfg = Release|Any CPU
		{0B0B4403-D792-4AEC-A0ED-4CE1593B3F8E}.Release|Any CPU.Build.0 = Release|Any CPU
		{06F4AB96-A086-4086-9AC3-75BE67529A27}.Debug|Any CPU.ActiveCfg = Debug|Any CPU
		{06F4AB96-A086-4086-9AC3-75BE67529A27}.Debug|Any CPU.Build.0 = Debug|Any CPU
		{06F4AB96-A086-4086-9AC3-75BE67529A27}.Release|Any CPU.ActiveCfg = Release|Any CPU
		{06F4AB96-A086-4086-9AC3-75BE67529A27}.Release|Any CPU.Build.0 = Release|Any CPU
		{4DBAB796-7EF8-4C48-9322-3868B686C310}.Debug|Any CPU.ActiveCfg = Debug|Any CPU
		{4DBAB796-7EF8-4C48-9322-3868B686C310}.Debug|Any CPU.Build.0 = Debug|Any CPU
		{4DBAB796-7EF8-4C48-9322-3868B686C310}.Release|Any CPU.ActiveCfg = Release|Any CPU
		{4DBAB796-7EF8-4C48-9322-3868B686C310}.Release|Any CPU.Build.0 = Release|Any CPU
		{1E2ABCE5-5844-480B-AA1C-5F6515EFC7A7}.Debug|Any CPU.ActiveCfg = Debug|Any CPU
		{1E2ABCE5-5844-480B-AA1C-5F6515EFC7A7}.Debug|Any CPU.Build.0 = Debug|Any CPU
		{1E2ABCE5-5844-480B-AA1C-5F6515EFC7A7}.Release|Any CPU.ActiveCfg = Release|Any CPU
		{1E2ABCE5-5844-480B-AA1C-5F6515EFC7A7}.Release|Any CPU.Build.0 = Release|Any CPU
		{1C60E185-D688-41F5-9F73-DB1C5E6F9D76}.Debug|Any CPU.ActiveCfg = Debug|Any CPU
		{1C60E185-D688-41F5-9F73-DB1C5E6F9D76}.Debug|Any CPU.Build.0 = Debug|Any CPU
		{1C60E185-D688-41F5-9F73-DB1C5E6F9D76}.Release|Any CPU.ActiveCfg = Release|Any CPU
		{1C60E185-D688-41F5-9F73-DB1C5E6F9D76}.Release|Any CPU.Build.0 = Release|Any CPU
		{015C7A2E-3AB1-4023-8EAD-DB6AC158F0C2}.Debug|Any CPU.ActiveCfg = Debug|Any CPU
		{015C7A2E-3AB1-4023-8EAD-DB6AC158F0C2}.Debug|Any CPU.Build.0 = Debug|Any CPU
		{015C7A2E-3AB1-4023-8EAD-DB6AC158F0C2}.Release|Any CPU.ActiveCfg = Release|Any CPU
		{015C7A2E-3AB1-4023-8EAD-DB6AC158F0C2}.Release|Any CPU.Build.0 = Release|Any CPU
		{2CC7DD4C-F18F-48CF-AA9B-3C235B117BB7}.Debug|Any CPU.ActiveCfg = Debug|Any CPU
		{2CC7DD4C-F18F-48CF-AA9B-3C235B117BB7}.Debug|Any CPU.Build.0 = Debug|Any CPU
		{2CC7DD4C-F18F-48CF-AA9B-3C235B117BB7}.Release|Any CPU.ActiveCfg = Release|Any CPU
		{2CC7DD4C-F18F-48CF-AA9B-3C235B117BB7}.Release|Any CPU.Build.0 = Release|Any CPU
		{7738766E-4071-48FD-A9DC-F7E175796B9C}.Debug|Any CPU.ActiveCfg = Debug|Any CPU
		{7738766E-4071-48FD-A9DC-F7E175796B9C}.Debug|Any CPU.Build.0 = Debug|Any CPU
		{7738766E-4071-48FD-A9DC-F7E175796B9C}.Release|Any CPU.ActiveCfg = Release|Any CPU
		{7738766E-4071-48FD-A9DC-F7E175796B9C}.Release|Any CPU.Build.0 = Release|Any CPU
		{2117106D-534E-41B4-861D-4E40EFFCFF06}.Debug|Any CPU.ActiveCfg = Debug|Any CPU
		{2117106D-534E-41B4-861D-4E40EFFCFF06}.Debug|Any CPU.Build.0 = Debug|Any CPU
		{2117106D-534E-41B4-861D-4E40EFFCFF06}.Release|Any CPU.ActiveCfg = Release|Any CPU
		{2117106D-534E-41B4-861D-4E40EFFCFF06}.Release|Any CPU.Build.0 = Release|Any CPU
		{1C0352B4-07EC-406B-9FDE-25703D5CEF0B}.Debug|Any CPU.ActiveCfg = Debug|Any CPU
		{1C0352B4-07EC-406B-9FDE-25703D5CEF0B}.Debug|Any CPU.Build.0 = Debug|Any CPU
		{1C0352B4-07EC-406B-9FDE-25703D5CEF0B}.Release|Any CPU.ActiveCfg = Release|Any CPU
		{1C0352B4-07EC-406B-9FDE-25703D5CEF0B}.Release|Any CPU.Build.0 = Release|Any CPU
		{CF8ADF88-B3FD-4DF3-84B5-A43FCD4E52DC}.Debug|Any CPU.ActiveCfg = Debug|Any CPU
		{CF8ADF88-B3FD-4DF3-84B5-A43FCD4E52DC}.Debug|Any CPU.Build.0 = Debug|Any CPU
		{CF8ADF88-B3FD-4DF3-84B5-A43FCD4E52DC}.Release|Any CPU.ActiveCfg = Release|Any CPU
		{CF8ADF88-B3FD-4DF3-84B5-A43FCD4E52DC}.Release|Any CPU.Build.0 = Release|Any CPU
	EndGlobalSection
	GlobalSection(SolutionProperties) = preSolution
		HideSolutionNode = FALSE
	EndGlobalSection
	GlobalSection(NestedProjects) = preSolution
		{79224C09-A879-42E2-8FA9-16433891D800} = {2703243C-A852-477A-8CF7-B359F5B840C1}
		{46E8682C-2519-4627-95DF-07B63C6594CE} = {2703243C-A852-477A-8CF7-B359F5B840C1}
		{A5C97FBE-376F-4F4F-B0DC-E3C64D66BD9A} = {2703243C-A852-477A-8CF7-B359F5B840C1}
		{DFBB7FFF-F0F6-4D3D-BE99-3DB53FBF2149} = {2703243C-A852-477A-8CF7-B359F5B840C1}
		{5E2B5A6A-0C52-4D9C-A6CB-B467B41E96B1} = {2703243C-A852-477A-8CF7-B359F5B840C1}
		{87891279-72E7-421B-AA45-F307A48138BF} = {2703243C-A852-477A-8CF7-B359F5B840C1}
		{54C792C3-819F-48CE-BD24-8CFC8E33ECE1} = {174A370C-1234-4542-AB10-1F7C12642345}
		{98A62B28-EE29-4259-A9B2-CD58B6998B91} = {174A370C-1234-4542-AB10-1F7C12642345}
		{C4ADDEF1-81B5-4F35-8791-B401402C895B} = {174A370C-1234-4542-AB10-1F7C12642345}
		{90C506F9-06F7-424A-B13B-838C43F4BDD9} = {174A370C-1234-4542-AB10-1F7C12642345}
		{818EF2FA-109E-493F-809D-EEE612416E65} = {174A370C-1234-4542-AB10-1F7C12642345}
		{CD6B7D11-AA75-437E-9C41-6B6F0D1370CF} = {7A478359-B1F8-45FF-9A11-31D3C84AA71C}
		{0B0B4403-D792-4AEC-A0ED-4CE1593B3F8E} = {7A478359-B1F8-45FF-9A11-31D3C84AA71C}
		{06F4AB96-A086-4086-9AC3-75BE67529A27} = {7A478359-B1F8-45FF-9A11-31D3C84AA71C}
		{4DBAB796-7EF8-4C48-9322-3868B686C310} = {7A478359-B1F8-45FF-9A11-31D3C84AA71C}
		{1E2ABCE5-5844-480B-AA1C-5F6515EFC7A7} = {66E8E89C-CDA5-4D02-9A9D-85DE4A75A73B}
		{1C60E185-D688-41F5-9F73-DB1C5E6F9D76} = {66E8E89C-CDA5-4D02-9A9D-85DE4A75A73B}
		{015C7A2E-3AB1-4023-8EAD-DB6AC158F0C2} = {66E8E89C-CDA5-4D02-9A9D-85DE4A75A73B}
		{2CC7DD4C-F18F-48CF-AA9B-3C235B117BB7} = {66E8E89C-CDA5-4D02-9A9D-85DE4A75A73B}
		{7738766E-4071-48FD-A9DC-F7E175796B9C} = {20A50CAC-7066-44CC-AE60-E4F3BF226354}
		{2117106D-534E-41B4-861D-4E40EFFCFF06} = {20A50CAC-7066-44CC-AE60-E4F3BF226354}
		{1C0352B4-07EC-406B-9FDE-25703D5CEF0B} = {20A50CAC-7066-44CC-AE60-E4F3BF226354}
		{CF8ADF88-B3FD-4DF3-84B5-A43FCD4E52DC} = {20A50CAC-7066-44CC-AE60-E4F3BF226354}
	EndGlobalSection
	GlobalSection(ExtensibilityGlobals) = postSolution
		SolutionGuid = {656B0D3C-AF1F-4F57-A474-FE3A99855398}
	EndGlobalSection
EndGlobal
