
Microsoft Visual Studio Solution File, Format Version 12.00
# Visual Studio Version 16
VisualStudioVersion = 16.0.30717.126
MinimumVisualStudioVersion = 10.0.40219.1
Project("{2150E333-8FDC-42A3-9474-1A3956D46DE8}") = "Utilities", "Utilities", "{2703243C-A852-477A-8CF7-B359F5B840C1}"
	ProjectSection(SolutionItems) = preProject
		ReadMe.md = ReadMe.md
	EndProjectSection
EndProject
Project("{FAE04EC0-301F-11D3-BF4B-00C04F79EFBC}") = "UtilityLib", "Utilities\UtilityLib\UtilityLib.csproj", "{79224C09-A879-42E2-8FA9-16433891D800}"
EndProject
Project("{FAE04EC0-301F-11D3-BF4B-00C04F79EFBC}") = "UtilityApp", "Utilities\UtilityApp\UtilityApp.csproj", "{46E8682C-2519-4627-95DF-07B63C6594CE}"
EndProject
Global
	GlobalSection(SolutionConfigurationPlatforms) = preSolution
		Debug|Any CPU = Debug|Any CPU
		Release|Any CPU = Release|Any CPU
	EndGlobalSection
	GlobalSection(ProjectConfigurationPlatforms) = postSolution
		{79224C09-A879-42E2-8FA9-16433891D800}.Debug|Any CPU.ActiveCfg = Debug|Any CPU
		{79224C09-A879-42E2-8FA9-16433891D800}.Debug|Any CPU.Build.0 = Debug|Any CPU
		{79224C09-A879-42E2-8FA9-16433891D800}.Release|Any CPU.ActiveCfg = Release|Any CPU
		{79224C09-A879-42E2-8FA9-16433891D800}.Release|Any CPU.Build.0 = Release|Any CPU
		{46E8682C-2519-4627-95DF-07B63C6594CE}.Debug|Any CPU.ActiveCfg = Debug|Any CPU
		{46E8682C-2519-4627-95DF-07B63C6594CE}.Debug|Any CPU.Build.0 = Debug|Any CPU
		{46E8682C-2519-4627-95DF-07B63C6594CE}.Release|Any CPU.ActiveCfg = Release|Any CPU
		{46E8682C-2519-4627-95DF-07B63C6594CE}.Release|Any CPU.Build.0 = Release|Any CPU
	EndGlobalSection
	GlobalSection(SolutionProperties) = preSolution
		HideSolutionNode = FALSE
	EndGlobalSection
	GlobalSection(NestedProjects) = preSolution
		{79224C09-A879-42E2-8FA9-16433891D800} = {2703243C-A852-477A-8CF7-B359F5B840C1}
		{46E8682C-2519-4627-95DF-07B63C6594CE} = {2703243C-A852-477A-8CF7-B359F5B840C1}
	EndGlobalSection
	GlobalSection(ExtensibilityGlobals) = postSolution
		SolutionGuid = {656B0D3C-AF1F-4F57-A474-FE3A99855398}
	EndGlobalSection
EndGlobal
